
Microsoft Visual Studio Solution File, Format Version 12.00
# Visual Studio Version 17
VisualStudioVersion = 17.11.35327.3
MinimumVisualStudioVersion = 10.0.40219.1
Project("{FAE04EC0-301F-11D3-BF4B-00C04F79EFBC}") = "BilbasenConsoleApp", "BilbasenConsoleApp.csproj", "{C2514CC5-3F71-4BC3-B5F8-982C10822AAB}"
EndProject
Global
	GlobalSection(SolutionConfigurationPlatforms) = preSolution
		Debug|Any CPU = Debug|Any CPU
		Release|Any CPU = Release|Any CPU
	EndGlobalSection
	GlobalSection(ProjectConfigurationPlatforms) = postSolution
		{C2514CC5-3F71-4BC3-B5F8-982C10822AAB}.Debug|Any CPU.ActiveCfg = Debug|Any CPU
		{C2514CC5-3F71-4BC3-B5F8-982C10822AAB}.Debug|Any CPU.Build.0 = Debug|Any CPU
		{C2514CC5-3F71-4BC3-B5F8-982C10822AAB}.Release|Any CPU.ActiveCfg = Release|Any CPU
		{C2514CC5-3F71-4BC3-B5F8-982C10822AAB}.Release|Any CPU.Build.0 = Release|Any CPU
	EndGlobalSection
	GlobalSection(SolutionProperties) = preSolution
		HideSolutionNode = FALSE
	EndGlobalSection
	GlobalSection(ExtensibilityGlobals) = postSolution
		SolutionGuid = {CAD05D1A-A82B-419F-B298-AB6AEC41FF52}
	EndGlobalSection
EndGlobal
